{
 "detailed/courses/calendar.md": "b03e24b7f3a32abf62cf2f8be90eda85f2c9d32742804330a22ae3c5cc8467f1",
 "detailed/courses/cs301.md": "0ce3e0fdaf2d3d2b0973da64a251ef24af4da28644c10477d281f4f7add8b3ff",
 "detailed/courses/math221.md": "9cf19f3d4670ec57c5551cee417fb7870b5592823ac9e02685908fc42cd7ed6c",
 "detailed/courses/phil150.md": "5a657bc415e2a9728f3c2b974a11f85b66cfdd380e90ba3b78c955991af7a57f",
 "detailed/notes/cs301_notes.md": "b149413cb14317aeb53b5edbae31ff162eb79f13f8147bf1c6ff551e89973559",
 "detailed/notes/cs301_project_code.md": "599bc6c22106ab844a451cca73ba28eee61438fb949f41754739af15b248726f",
 "detailed/notes/math221_notes.md": "298a90548a83f8c2839b360d59d72542776ee1374ba8a83b56a1ae6d3e1620ea",
 "detailed/notes/phil150_notes.md": "8326764ee18a395f8723eea84ee97956ecd69982cc709dfab569cd8231c1d750",
 "detailed/profile.md": "fb905d6a0ece53c7d13cad157a2543bbca40c5f2e7a344e98a63804bf5b844d8",
 "detailed/schemas/cs301_db.md": "a542689737f1a3986f82b420db3111840673099c898250d8f3e55cfd3ca92ac2",
 "detailed/syllabi/cs301_syllabus.md": "da65cd48479a77d5d96a6f938ff064ed74a3df18c66bc4a292ae0d7b07509f40",
 "detailed/syllabi/math221_syllabus.md": "003e454efcc43486975c4652132f74408002bf7b7f6873cac94a6c64e4af3c8f",
 "detailed/syllabi/phil150_syllabus.md": "3a3161c795ba0739c2724bb9a141d6a1ddaa496edec01b59b72284f42a2bf873",
 "sparse/courses/calendar.md": "cd41cad799ce0596a4d17b37574afcb6b160b36d47f1fa707a5e5f7da6ce0b81",
 "sparse/courses/cs301.md": "13d9e299a59f54c92a093103b2240490dc539f31106505fe6066da6ae08c6f4a",
 "sparse/courses/math221.md": "c29096bfcbc2bc60e4277ee9f1131d5658fee93b4598737c8485aada7761bc49",
 "sparse/courses/phil150.md": "96b4a10b630fde952347820250ae43cd828043c2484437e3d85b987e58c4aa2e",
 "sparse/notes/cs301_notes.md": "abbec3c89fcdb83a1f0115de0cddb493c5833ff8364e7bd86ec484ea4af5bf08",
 "sparse/notes/cs301_project_code.md": "bf25e5f360d8e9ce32e5d77559b51115fcb8607f39638b5f789746aef3b4cb68",
 "sparse/notes/math221_notes.md": "36cda0d3e97497483fe8d89a822f35bac999a6ea84d08b823a64259cc7dd8c3b",
 "sparse/notes/phil150_notes.md": "59e90144e96ffc3edbbff97c390022728e65dbb27c32bf1f2ec54a73c47189c2",
 "sparse/profile.md": "a81edafce813d615294c22f1caabe714985fd7a5699390a34c6638a1085114c9",
 "sparse/schemas/cs301_db.md": "b24b43d80712845c8f60c2e30056efc03299324175b0d5488a363241ee216c7a",
 "sparse/syllabi/cs301_syllabus.md": "2069ff4d080bc80fe9138eea58e3b54d4eb6d38ae9246544da4acf3420f8a304",
 "sparse/syllabi/math221_syllabus.md": "c2d23cb9ab0c334f460576888cbcdc4973291986208320a2e9db6d93e1056597",
 "sparse/syllabi/phil150_syllabus.md": "7e37b7edfaf1be22adfba620c3e1c2b7aca3892c89be5a0b85a8d2c3e511e4b2",
 "flat/courses/calendar.md": "c01eab33dd7ddfa38fcc2f0461c132153d14f6bbaf07aa64d66e5d825440ee59",
 "flat/courses/cs301.md": "df57b567e5ac15fbf8662371bb59e860c5f5fc35baedda86acffac95f124044d",
 "flat/courses/math221.md": "b3067e98436b1cbe39830e98151905c5cb96b13733be3cc57c8c41bd699069f2",
 "flat/courses/phil150.md": "be2c4f94be1b6876441da6ec5f6b396ddcfc93f669a4473256348b403729317b",
 "flat/notes/cs301_notes.md": "a8d89a9cf6d6747b8854a64150bbcc185e5372388ea050b2b4ed1226a5728890",
 "flat/notes/cs301_project_code.md": "2a91890cbc39f9345b1a2d94a55fa6a6d7af620ed9bedb97f1e8d6755bb62b4c",
 "flat/notes/math221_notes.md": "f42d17c377ba596c8c07ba726b4d2116829a18964b083fe20fd7f06d00e0e0c6",
 "flat/notes/phil150_notes.md": "143a91d91b05a276867873d3d74fdf7b3ed0f95380e21e9ef25c7841f9ff89d3",
 "flat/profile.md": "c7f06406b152c6e8547c1ed44a186eb18d401c999934d485f205420bc968a88b",
 "flat/schemas/cs301_db.md": "c352377f8fe168e21e6b22be010377db951f0f550df2175cc1aac6c9a39590f2",
 "flat/syllabi/cs301_syllabus.md": "0d90b26d9962a4add15b4bdc2e7f2c67848c120933f7651472e345f09505f3fa",
 "flat/syllabi/math221_syllabus.md": "522e6c8103a6e282ae1d28c6f215191b24c7130e0884e94f6c91c9b0b1561d38",
 "flat/syllabi/phil150_syllabus.md": "6d9e651383fa58f40b7a3c53f6edab9b0568d4417d9bdc1d3e711ab97194a791"
}
